
Microsoft Visual Studio Solution File, Format Version 12.00
# Visual Studio 14
VisualStudioVersion = 14.0.23107.0
MinimumVisualStudioVersion = 10.0.40219.1
Project("{8BC9CEB8-8B4A-11D0-8D11-00A0C91BC942}") = "COP3331Project1", "COP3331Project1\COP3331Project1.vcxproj", "{B654FAF0-D97E-4C19-984A-60BDD02BA5AB}"
EndProject
Global
	GlobalSection(SolutionConfigurationPlatforms) = preSolution
		Debug|x64 = Debug|x64
		Debug|x86 = Debug|x86
		Release|x64 = Release|x64
		Release|x86 = Release|x86
	EndGlobalSection
	GlobalSection(ProjectConfigurationPlatforms) = postSolution
		{B654FAF0-D97E-4C19-984A-60BDD02BA5AB}.Debug|x64.ActiveCfg = Debug|x64
		{B654FAF0-D97E-4C19-984A-60BDD02BA5AB}.Debug|x64.Build.0 = Debug|x64
		{B654FAF0-D97E-4C19-984A-60BDD02BA5AB}.Debug|x86.ActiveCfg = Debug|Win32
		{B654FAF0-D97E-4C19-984A-60BDD02BA5AB}.Debug|x86.Build.0 = Debug|Win32
		{B654FAF0-D97E-4C19-984A-60BDD02BA5AB}.Release|x64.ActiveCfg = Release|x64
		{B654FAF0-D97E-4C19-984A-60BDD02BA5AB}.Release|x64.Build.0 = Release|x64
		{B654FAF0-D97E-4C19-984A-60BDD02BA5AB}.Release|x86.ActiveCfg = Release|Win32
		{B654FAF0-D97E-4C19-984A-60BDD02BA5AB}.Release|x86.Build.0 = Release|Win32
	EndGlobalSection
	GlobalSection(SolutionProperties) = preSolution
		HideSolutionNode = FALSE
	EndGlobalSection
EndGlobal
